// !$*UTF8*$!
{
	archiveVersion = 1;
	classes = {
	};
	objectVersion = 56;
	objects = {

/* Begin PBXBuildFile section */
		DADCEBCC2BFF99A300A0893F /* CoreTest.framework in Frameworks */ = {isa = PBXBuildFile; fileRef = DADCEBC32BFF99A300A0893F /* CoreTest.framework */; };
		DADCEBD12BFF99A300A0893F /* CoreTestTests.swift in Sources */ = {isa = PBXBuildFile; fileRef = DADCEBD02BFF99A300A0893F /* CoreTestTests.swift */; };
		DADCEBD22BFF99A300A0893F /* CoreTest.h in Headers */ = {isa = PBXBuildFile; fileRef = DADCEBC62BFF99A300A0893F /* CoreTest.h */; settings = {ATTRIBUTES = (Public, ); }; };
		DADCEBDC2BFF99C700A0893F /* Environment.swift in Sources */ = {isa = PBXBuildFile; fileRef = DADCEBDB2BFF99C700A0893F /* Environment.swift */; };
		DADCEBDE2BFF9AE900A0893F /* workflows in Resources */ = {isa = PBXBuildFile; fileRef = DADCEBDD2BFF9AE900A0893F /* workflows */; };
/* End PBXBuildFile section */

/* Begin PBXContainerItemProxy section */
		DADCEBCD2BFF99A300A0893F /* PBXContainerItemProxy */ = {
			isa = PBXContainerItemProxy;
			containerPortal = DADCEBBA2BFF99A300A0893F /* Project object */;
			proxyType = 1;
			remoteGlobalIDString = DADCEBC22BFF99A300A0893F;
			remoteInfo = CoreTest;
		};
/* End PBXContainerItemProxy section */

/* Begin PBXFileReference section */
		DADCEBC32BFF99A300A0893F /* CoreTest.framework */ = {isa = PBXFileReference; explicitFileType = wrapper.framework; includeInIndex = 0; path = CoreTest.framework; sourceTree = BUILT_PRODUCTS_DIR; };
		DADCEBC62BFF99A300A0893F /* CoreTest.h */ = {isa = PBXFileReference; lastKnownFileType = sourcecode.c.h; path = CoreTest.h; sourceTree = "<group>"; };
		DADCEBCB2BFF99A300A0893F /* CoreTestTests.xctest */ = {isa = PBXFileReference; explicitFileType = wrapper.cfbundle; includeInIndex = 0; path = CoreTestTests.xctest; sourceTree = BUILT_PRODUCTS_DIR; };
		DADCEBD02BFF99A300A0893F /* CoreTestTests.swift */ = {isa = PBXFileReference; lastKnownFileType = sourcecode.swift; path = CoreTestTests.swift; sourceTree = "<group>"; };
		DADCEBDB2BFF99C700A0893F /* Environment.swift */ = {isa = PBXFileReference; lastKnownFileType = sourcecode.swift; path = Environment.swift; sourceTree = "<group>"; };
		DADCEBDD2BFF9AE900A0893F /* workflows */ = {isa = PBXFileReference; lastKnownFileType = folder; name = workflows; path = ../.github/workflows; sourceTree = "<group>"; };
		DADCEBDF2BFF9DCC00A0893F /* CoreTest.xctestplan */ = {isa = PBXFileReference; lastKnownFileType = text; path = CoreTest.xctestplan; sourceTree = "<group>"; };
/* End PBXFileReference section */

/* Begin PBXFrameworksBuildPhase section */
		DADCEBC02BFF99A300A0893F /* Frameworks */ = {
			isa = PBXFrameworksBuildPhase;
			buildActionMask = 2147483647;
			files = (
			);
			runOnlyForDeploymentPostprocessing = 0;
		};
		DADCEBC82BFF99A300A0893F /* Frameworks */ = {
			isa = PBXFrameworksBuildPhase;
			buildActionMask = 2147483647;
			files = (
				DADCEBCC2BFF99A300A0893F /* CoreTest.framework in Frameworks */,
			);
			runOnlyForDeploymentPostprocessing = 0;
		};
/* End PBXFrameworksBuildPhase section */

/* Begin PBXGroup section */
		DADCEBB92BFF99A300A0893F = {
			isa = PBXGroup;
			children = (
				DADCEBDF2BFF9DCC00A0893F /* CoreTest.xctestplan */,
				DADCEBDD2BFF9AE900A0893F /* workflows */,
				DADCEBC52BFF99A300A0893F /* CoreTest */,
				DADCEBCF2BFF99A300A0893F /* CoreTestTests */,
				DADCEBC42BFF99A300A0893F /* Products */,
			);
			sourceTree = "<group>";
		};
		DADCEBC42BFF99A300A0893F /* Products */ = {
			isa = PBXGroup;
			children = (
				DADCEBC32BFF99A300A0893F /* CoreTest.framework */,
				DADCEBCB2BFF99A300A0893F /* CoreTestTests.xctest */,
			);
			name = Products;
			sourceTree = "<group>";
		};
		DADCEBC52BFF99A300A0893F /* CoreTest */ = {
			isa = PBXGroup;
			children = (
				DADCEBC62BFF99A300A0893F /* CoreTest.h */,
				DADCEBDB2BFF99C700A0893F /* Environment.swift */,
			);
			path = CoreTest;
			sourceTree = "<group>";
		};
		DADCEBCF2BFF99A300A0893F /* CoreTestTests */ = {
			isa = PBXGroup;
			children = (
				DADCEBD02BFF99A300A0893F /* CoreTestTests.swift */,
			);
			path = CoreTestTests;
			sourceTree = "<group>";
		};
/* End PBXGroup section */

/* Begin PBXHeadersBuildPhase section */
		DADCEBBE2BFF99A300A0893F /* Headers */ = {
			isa = PBXHeadersBuildPhase;
			buildActionMask = 2147483647;
			files = (
				DADCEBD22BFF99A300A0893F /* CoreTest.h in Headers */,
			);
			runOnlyForDeploymentPostprocessing = 0;
		};
/* End PBXHeadersBuildPhase section */

/* Begin PBXNativeTarget section */
		DADCEBC22BFF99A300A0893F /* CoreTest */ = {
			isa = PBXNativeTarget;
			buildConfigurationList = DADCEBD52BFF99A300A0893F /* Build configuration list for PBXNativeTarget "CoreTest" */;
			buildPhases = (
				DADCEBBE2BFF99A300A0893F /* Headers */,
				DADCEBBF2BFF99A300A0893F /* Sources */,
				DADCEBC02BFF99A300A0893F /* Frameworks */,
				DADCEBC12BFF99A300A0893F /* Resources */,
			);
			buildRules = (
			);
			dependencies = (
			);
			name = CoreTest;
			productName = CoreTest;
			productReference = DADCEBC32BFF99A300A0893F /* CoreTest.framework */;
			productType = "com.apple.product-type.framework";
		};
		DADCEBCA2BFF99A300A0893F /* CoreTestTests */ = {
			isa = PBXNativeTarget;
			buildConfigurationList = DADCEBD82BFF99A300A0893F /* Build configuration list for PBXNativeTarget "CoreTestTests" */;
			buildPhases = (
				DADCEBC72BFF99A300A0893F /* Sources */,
				DADCEBC82BFF99A300A0893F /* Frameworks */,
				DADCEBC92BFF99A300A0893F /* Resources */,
			);
			buildRules = (
			);
			dependencies = (
				DADCEBCE2BFF99A300A0893F /* PBXTargetDependency */,
			);
			name = CoreTestTests;
			productName = CoreTestTests;
			productReference = DADCEBCB2BFF99A300A0893F /* CoreTestTests.xctest */;
			productType = "com.apple.product-type.bundle.unit-test";
		};
/* End PBXNativeTarget section */

/* Begin PBXProject section */
		DADCEBBA2BFF99A300A0893F /* Project object */ = {
			isa = PBXProject;
			attributes = {
				BuildIndependentTargetsInParallel = 1;
				LastSwiftUpdateCheck = 1540;
				LastUpgradeCheck = 1540;
				TargetAttributes = {
					DADCEBC22BFF99A300A0893F = {
						CreatedOnToolsVersion = 15.4;
						LastSwiftMigration = 1540;
					};
					DADCEBCA2BFF99A300A0893F = {
						CreatedOnToolsVersion = 15.4;
					};
				};
			};
			buildConfigurationList = DADCEBBD2BFF99A300A0893F /* Build configuration list for PBXProject "CoreTest" */;
			compatibilityVersion = "Xcode 14.0";
			developmentRegion = en;
			hasScannedForEncodings = 0;
			knownRegions = (
				en,
				Base,
			);
			mainGroup = DADCEBB92BFF99A300A0893F;
			productRefGroup = DADCEBC42BFF99A300A0893F /* Products */;
			projectDirPath = "";
			projectRoot = "";
			targets = (
				DADCEBC22BFF99A300A0893F /* CoreTest */,
				DADCEBCA2BFF99A300A0893F /* CoreTestTests */,
			);
		};
/* End PBXProject section */

/* Begin PBXResourcesBuildPhase section */
		DADCEBC12BFF99A300A0893F /* Resources */ = {
			isa = PBXResourcesBuildPhase;
			buildActionMask = 2147483647;
			files = (
				DADCEBDE2BFF9AE900A0893F /* workflows in Resources */,
			);
			runOnlyForDeploymentPostprocessing = 0;
		};
		DADCEBC92BFF99A300A0893F /* Resources */ = {
			isa = PBXResourcesBuildPhase;
			buildActionMask = 2147483647;
			files = (
			);
			runOnlyForDeploymentPostprocessing = 0;
		};
/* End PBXResourcesBuildPhase section */

/* Begin PBXSourcesBuildPhase section */
		DADCEBBF2BFF99A300A0893F /* Sources */ = {
			isa = PBXSourcesBuildPhase;
			buildActionMask = 2147483647;
			files = (
				DADCEBDC2BFF99C700A0893F /* Environment.swift in Sources */,
			);
			runOnlyForDeploymentPostprocessing = 0;
		};
		DADCEBC72BFF99A300A0893F /* Sources */ = {
			isa = PBXSourcesBuildPhase;
			buildActionMask = 2147483647;
			files = (
				DADCEBD12BFF99A300A0893F /* CoreTestTests.swift in Sources */,
			);
			runOnlyForDeploymentPostprocessing = 0;
		};
/* End PBXSourcesBuildPhase section */

/* Begin PBXTargetDependency section */
		DADCEBCE2BFF99A300A0893F /* PBXTargetDependency */ = {
			isa = PBXTargetDependency;
			target = DADCEBC22BFF99A300A0893F /* CoreTest */;
			targetProxy = DADCEBCD2BFF99A300A0893F /* PBXContainerItemProxy */;
		};
/* End PBXTargetDependency section */

/* Begin XCBuildConfiguration section */
		DADCEBD32BFF99A300A0893F /* Debug */ = {
			isa = XCBuildConfiguration;
			buildSettings = {
				ALWAYS_SEARCH_USER_PATHS = NO;
				ASSETCATALOG_COMPILER_GENERATE_SWIFT_ASSET_SYMBOL_EXTENSIONS = YES;
				CLANG_ANALYZER_NONNULL = YES;
				CLANG_ANALYZER_NUMBER_OBJECT_CONVERSION = YES_AGGRESSIVE;
				CLANG_CXX_LANGUAGE_STANDARD = "gnu++20";
				CLANG_ENABLE_MODULES = YES;
				CLANG_ENABLE_OBJC_ARC = YES;
				CLANG_ENABLE_OBJC_WEAK = YES;
				CLANG_WARN_BLOCK_CAPTURE_AUTORELEASING = YES;
				CLANG_WARN_BOOL_CONVERSION = YES;
				CLANG_WARN_COMMA = YES;
				CLANG_WARN_CONSTANT_CONVERSION = YES;
				CLANG_WARN_DEPRECATED_OBJC_IMPLEMENTATIONS = YES;
				CLANG_WARN_DIRECT_OBJC_ISA_USAGE = YES_ERROR;
				CLANG_WARN_DOCUMENTATION_COMMENTS = YES;
				CLANG_WARN_EMPTY_BODY = YES;
				CLANG_WARN_ENUM_CONVERSION = YES;
				CLANG_WARN_INFINITE_RECURSION = YES;
				CLANG_WARN_INT_CONVERSION = YES;
				CLANG_WARN_NON_LITERAL_NULL_CONVERSION = YES;
				CLANG_WARN_OBJC_IMPLICIT_RETAIN_SELF = YES;
				CLANG_WARN_OBJC_LITERAL_CONVERSION = YES;
				CLANG_WARN_OBJC_ROOT_CLASS = YES_ERROR;
				CLANG_WARN_QUOTED_INCLUDE_IN_FRAMEWORK_HEADER = YES;
				CLANG_WARN_RANGE_LOOP_ANALYSIS = YES;
				CLANG_WARN_STRICT_PROTOTYPES = YES;
				CLANG_WARN_SUSPICIOUS_MOVE = YES;
				CLANG_WARN_UNGUARDED_AVAILABILITY = YES_AGGRESSIVE;
				CLANG_WARN_UNREACHABLE_CODE = YES;
				CLANG_WARN__DUPLICATE_METHOD_MATCH = YES;
				COPY_PHASE_STRIP = NO;
				CURRENT_PROJECT_VERSION = 1;
				DEBUG_INFORMATION_FORMAT = dwarf;
				ENABLE_STRICT_OBJC_MSGSEND = YES;
				ENABLE_TESTABILITY = YES;
				ENABLE_USER_SCRIPT_SANDBOXING = YES;
				GCC_C_LANGUAGE_STANDARD = gnu17;
				GCC_DYNAMIC_NO_PIC = NO;
				GCC_NO_COMMON_BLOCKS = YES;
				GCC_OPTIMIZATION_LEVEL = 0;
				GCC_PREPROCESSOR_DEFINITIONS = (
					"DEBUG=1",
					"$(inherited)",
				);
				GCC_WARN_64_TO_32_BIT_CONVERSION = YES;
				GCC_WARN_ABOUT_RETURN_TYPE = YES_ERROR;
				GCC_WARN_UNDECLARED_SELECTOR = YES;
				GCC_WARN_UNINITIALIZED_AUTOS = YES_AGGRESSIVE;
				GCC_WARN_UNUSED_FUNCTION = YES;
				GCC_WARN_UNUSED_VARIABLE = YES;
				LOCALIZATION_PREFERS_STRING_CATALOGS = YES;
				MACOSX_DEPLOYMENT_TARGET = 14.5;
				MTL_ENABLE_DEBUG_INFO = INCLUDE_SOURCE;
				MTL_FAST_MATH = YES;
				ONLY_ACTIVE_ARCH = YES;
				SDKROOT = macosx;
				SWIFT_ACTIVE_COMPILATION_CONDITIONS = "DEBUG $(inherited)";
				SWIFT_OPTIMIZATION_LEVEL = "-Onone";
				VERSIONING_SYSTEM = "apple-generic";
				VERSION_INFO_PREFIX = "";
			};
			name = Debug;
		};
		DADCEBD42BFF99A300A0893F /* Release */ = {
			isa = XCBuildConfiguration;
			buildSettings = {
				ALWAYS_SEARCH_USER_PATHS = NO;
				ASSETCATALOG_COMPILER_GENERATE_SWIFT_ASSET_SYMBOL_EXTENSIONS = YES;
				CLANG_ANALYZER_NONNULL = YES;
				CLANG_ANALYZER_NUMBER_OBJECT_CONVERSION = YES_AGGRESSIVE;
				CLANG_CXX_LANGUAGE_STANDARD = "gnu++20";
				CLANG_ENABLE_MODULES = YES;
				CLANG_ENABLE_OBJC_ARC = YES;
				CLANG_ENABLE_OBJC_WEAK = YES;
				CLANG_WARN_BLOCK_CAPTURE_AUTORELEASING = YES;
				CLANG_WARN_BOOL_CONVERSION = YES;
				CLANG_WARN_COMMA = YES;
				CLANG_WARN_CONSTANT_CONVERSION = YES;
				CLANG_WARN_DEPRECATED_OBJC_IMPLEMENTATIONS = YES;
				CLANG_WARN_DIRECT_OBJC_ISA_USAGE = YES_ERROR;
				CLANG_WARN_DOCUMENTATION_COMMENTS = YES;
				CLANG_WARN_EMPTY_BODY = YES;
				CLANG_WARN_ENUM_CONVERSION = YES;
				CLANG_WARN_INFINITE_RECURSION = YES;
				CLANG_WARN_INT_CONVERSION = YES;
				CLANG_WARN_NON_LITERAL_NULL_CONVERSION = YES;
				CLANG_WARN_OBJC_IMPLICIT_RETAIN_SELF = YES;
				CLANG_WARN_OBJC_LITERAL_CONVERSION = YES;
				CLANG_WARN_OBJC_ROOT_CLASS = YES_ERROR;
				CLANG_WARN_QUOTED_INCLUDE_IN_FRAMEWORK_HEADER = YES;
				CLANG_WARN_RANGE_LOOP_ANALYSIS = YES;
				CLANG_WARN_STRICT_PROTOTYPES = YES;
				CLANG_WARN_SUSPICIOUS_MOVE = YES;
				CLANG_WARN_UNGUARDED_AVAILABILITY = YES_AGGRESSIVE;
				CLANG_WARN_UNREACHABLE_CODE = YES;
				CLANG_WARN__DUPLICATE_METHOD_MATCH = YES;
				COPY_PHASE_STRIP = NO;
				CURRENT_PROJECT_VERSION = 1;
				DEBUG_INFORMATION_FORMAT = "dwarf-with-dsym";
				ENABLE_NS_ASSERTIONS = NO;
				ENABLE_STRICT_OBJC_MSGSEND = YES;
				ENABLE_USER_SCRIPT_SANDBOXING = YES;
				GCC_C_LANGUAGE_STANDARD = gnu17;
				GCC_NO_COMMON_BLOCKS = YES;
				GCC_WARN_64_TO_32_BIT_CONVERSION = YES;
				GCC_WARN_ABOUT_RETURN_TYPE = YES_ERROR;
				GCC_WARN_UNDECLARED_SELECTOR = YES;
				GCC_WARN_UNINITIALIZED_AUTOS = YES_AGGRESSIVE;
				GCC_WARN_UNUSED_FUNCTION = YES;
				GCC_WARN_UNUSED_VARIABLE = YES;
				LOCALIZATION_PREFERS_STRING_CATALOGS = YES;
				MACOSX_DEPLOYMENT_TARGET = 14.5;
				MTL_ENABLE_DEBUG_INFO = NO;
				MTL_FAST_MATH = YES;
				SDKROOT = macosx;
				SWIFT_COMPILATION_MODE = wholemodule;
				VERSIONING_SYSTEM = "apple-generic";
				VERSION_INFO_PREFIX = "";
			};
			name = Release;
		};
		DADCEBD62BFF99A300A0893F /* Debug */ = {
			isa = XCBuildConfiguration;
			buildSettings = {
				BUILD_LIBRARY_FOR_DISTRIBUTION = YES;
				CLANG_ENABLE_MODULES = YES;
				CODE_SIGN_STYLE = Automatic;
				COMBINE_HIDPI_IMAGES = YES;
				CURRENT_PROJECT_VERSION = 1;
				DEFINES_MODULE = YES;
				DYLIB_COMPATIBILITY_VERSION = 1;
				DYLIB_CURRENT_VERSION = 1;
				DYLIB_INSTALL_NAME_BASE = "@rpath";
				ENABLE_MODULE_VERIFIER = YES;
				GENERATE_INFOPLIST_FILE = YES;
				INFOPLIST_KEY_NSHumanReadableCopyright = "";
				INSTALL_PATH = "$(LOCAL_LIBRARY_DIR)/Frameworks";
				LD_RUNPATH_SEARCH_PATHS = (
					"$(inherited)",
					"@executable_path/../Frameworks",
					"@loader_path/Frameworks",
				);
				MACOSX_DEPLOYMENT_TARGET = 14.0;
				MARKETING_VERSION = 1.0;
				MODULE_VERIFIER_SUPPORTED_LANGUAGES = "objective-c objective-c++";
				MODULE_VERIFIER_SUPPORTED_LANGUAGE_STANDARDS = "gnu17 gnu++20";
				PRODUCT_BUNDLE_IDENTIFIER = com.test.CoreTest;
				PRODUCT_NAME = "$(TARGET_NAME:c99extidentifier)";
				SKIP_INSTALL = YES;
				SWIFT_EMIT_LOC_STRINGS = YES;
				SWIFT_INSTALL_OBJC_HEADER = NO;
				SWIFT_OPTIMIZATION_LEVEL = "-Onone";
				SWIFT_VERSION = 5.0;
			};
			name = Debug;
		};
		DADCEBD72BFF99A300A0893F /* Release */ = {
			isa = XCBuildConfiguration;
			buildSettings = {
				BUILD_LIBRARY_FOR_DISTRIBUTION = YES;
				CLANG_ENABLE_MODULES = YES;
				CODE_SIGN_STYLE = Automatic;
				COMBINE_HIDPI_IMAGES = YES;
				CURRENT_PROJECT_VERSION = 1;
				DEFINES_MODULE = YES;
				DYLIB_COMPATIBILITY_VERSION = 1;
				DYLIB_CURRENT_VERSION = 1;
				DYLIB_INSTALL_NAME_BASE = "@rpath";
				ENABLE_MODULE_VERIFIER = YES;
				GENERATE_INFOPLIST_FILE = YES;
				INFOPLIST_KEY_NSHumanReadableCopyright = "";
				INSTALL_PATH = "$(LOCAL_LIBRARY_DIR)/Frameworks";
				LD_RUNPATH_SEARCH_PATHS = (
					"$(inherited)",
					"@executable_path/../Frameworks",
					"@loader_path/Frameworks",
				);
				MACOSX_DEPLOYMENT_TARGET = 14.0;
				MARKETING_VERSION = 1.0;
				MODULE_VERIFIER_SUPPORTED_LANGUAGES = "objective-c objective-c++";
				MODULE_VERIFIER_SUPPORTED_LANGUAGE_STANDARDS = "gnu17 gnu++20";
				PRODUCT_BUNDLE_IDENTIFIER = com.test.CoreTest;
				PRODUCT_NAME = "$(TARGET_NAME:c99extidentifier)";
				SKIP_INSTALL = YES;
				SWIFT_EMIT_LOC_STRINGS = YES;
				SWIFT_INSTALL_OBJC_HEADER = NO;
				SWIFT_VERSION = 5.0;
			};
			name = Release;
		};
		DADCEBD92BFF99A300A0893F /* Debug */ = {
			isa = XCBuildConfiguration;
			buildSettings = {
				ALWAYS_EMBED_SWIFT_STANDARD_LIBRARIES = YES;
				CODE_SIGN_STYLE = Automatic;
				CURRENT_PROJECT_VERSION = 1;
				GENERATE_INFOPLIST_FILE = YES;
				MACOSX_DEPLOYMENT_TARGET = 14.0;
				MARKETING_VERSION = 1.0;
				PRODUCT_BUNDLE_IDENTIFIER = com.test.CoreTestTests;
				PRODUCT_NAME = "$(TARGET_NAME)";
				SWIFT_EMIT_LOC_STRINGS = NO;
				SWIFT_VERSION = 5.0;
			};
			name = Debug;
		};
		DADCEBDA2BFF99A300A0893F /* Release */ = {
			isa = XCBuildConfiguration;
			buildSettings = {
				ALWAYS_EMBED_SWIFT_STANDARD_LIBRARIES = YES;
				CODE_SIGN_STYLE = Automatic;
				CURRENT_PROJECT_VERSION = 1;
				GENERATE_INFOPLIST_FILE = YES;
				MACOSX_DEPLOYMENT_TARGET = 14.0;
				MARKETING_VERSION = 1.0;
				PRODUCT_BUNDLE_IDENTIFIER = com.test.CoreTestTests;
				PRODUCT_NAME = "$(TARGET_NAME)";
				SWIFT_EMIT_LOC_STRINGS = NO;
				SWIFT_VERSION = 5.0;
			};
			name = Release;
		};
/* End XCBuildConfiguration section */

/* Begin XCConfigurationList section */
		DADCEBBD2BFF99A300A0893F /* Build configuration list for PBXProject "CoreTest" */ = {
			isa = XCConfigurationList;
			buildConfigurations = (
				DADCEBD32BFF99A300A0893F /* Debug */,
				DADCEBD42BFF99A300A0893F /* Release */,
			);
			defaultConfigurationIsVisible = 0;
			defaultConfigurationName = Release;
		};
		DADCEBD52BFF99A300A0893F /* Build configuration list for PBXNativeTarget "CoreTest" */ = {
			isa = XCConfigurationList;
			buildConfigurations = (
				DADCEBD62BFF99A300A0893F /* Debug */,
				DADCEBD72BFF99A300A0893F /* Release */,
			);
			defaultConfigurationIsVisible = 0;
			defaultConfigurationName = Release;
		};
		DADCEBD82BFF99A300A0893F /* Build configuration list for PBXNativeTarget "CoreTestTests" */ = {
			isa = XCConfigurationList;
			buildConfigurations = (
				DADCEBD92BFF99A300A0893F /* Debug */,
				DADCEBDA2BFF99A300A0893F /* Release */,
			);
			defaultConfigurationIsVisible = 0;
			defaultConfigurationName = Release;
		};
/* End XCConfigurationList section */
	};
	rootObject = DADCEBBA2BFF99A300A0893F /* Project object */;
}
